github.com/ariesastra/go-module/v2 v2.0.0 h1:/8MmB4qJslpP80O3yFZ3bT63Dh41RXMx9I2cLByg+T8=
github.com/ariesastra/go-module/v2 v2.0.0/go.mod h1:P2J8fQpMq0zFUiMZb3y1Va+Gu/oamdTuG9AHU2E1r5M=
github.com/ariesastra/go-module/v2 v2.0.1 h1:nddln925VIBUxvkL9Md+hmJPLiMHSSa3vpSx6iLTAWE=
github.com/ariesastra/go-module/v2 v2.0.1/go.mod h1:P2J8fQpMq0zFUiMZb3y1Va+Gu/oamdTuG9AHU2E1r5M=
